
Microsoft Visual Studio Solution File, Format Version 12.00
# Visual Studio 15
VisualStudioVersion = 15.0.26124.0
MinimumVisualStudioVersion = 15.0.26124.0
Project("{9A19103F-16F7-4668-BE54-9A1E7A4F7556}") = "swatch.Core", "src\swatch.Core\swatch.Core.csproj", "{AB5BC0B2-2A83-4A57-8101-7F701C354641}"
EndProject
Project("{9A19103F-16F7-4668-BE54-9A1E7A4F7556}") = "TEST", "src\TEST\TEST.csproj", "{A378B8F9-8437-4701-BA71-4F831D8B0DF8}"
EndProject
Global
	GlobalSection(SolutionConfigurationPlatforms) = preSolution
		Debug|Any CPU = Debug|Any CPU
		Debug|x64 = Debug|x64
		Debug|x86 = Debug|x86
		Release|Any CPU = Release|Any CPU
		Release|x64 = Release|x64
		Release|x86 = Release|x86
	EndGlobalSection
	GlobalSection(ProjectConfigurationPlatforms) = postSolution
		{AB5BC0B2-2A83-4A57-8101-7F701C354641}.Debug|Any CPU.ActiveCfg = Debug|Any CPU
		{AB5BC0B2-2A83-4A57-8101-7F701C354641}.Debug|Any CPU.Build.0 = Debug|Any CPU
		{AB5BC0B2-2A83-4A57-8101-7F701C354641}.Debug|x64.ActiveCfg = Debug|Any CPU
		{AB5BC0B2-2A83-4A57-8101-7F701C354641}.Debug|x64.Build.0 = Debug|Any CPU
		{AB5BC0B2-2A83-4A57-8101-7F701C354641}.Debug|x86.ActiveCfg = Debug|Any CPU
		{AB5BC0B2-2A83-4A57-8101-7F701C354641}.Debug|x86.Build.0 = Debug|Any CPU
		{AB5BC0B2-2A83-4A57-8101-7F701C354641}.Release|Any CPU.ActiveCfg = Release|Any CPU
		{AB5BC0B2-2A83-4A57-8101-7F701C354641}.Release|Any CPU.Build.0 = Release|Any CPU
		{AB5BC0B2-2A83-4A57-8101-7F701C354641}.Release|x64.ActiveCfg = Release|Any CPU
		{AB5BC0B2-2A83-4A57-8101-7F701C354641}.Release|x64.Build.0 = Release|Any CPU
		{AB5BC0B2-2A83-4A57-8101-7F701C354641}.Release|x86.ActiveCfg = Release|Any CPU
		{AB5BC0B2-2A83-4A57-8101-7F701C354641}.Release|x86.Build.0 = Release|Any CPU
		{A378B8F9-8437-4701-BA71-4F831D8B0DF8}.Debug|Any CPU.ActiveCfg = Debug|Any CPU
		{A378B8F9-8437-4701-BA71-4F831D8B0DF8}.Debug|Any CPU.Build.0 = Debug|Any CPU
		{A378B8F9-8437-4701-BA71-4F831D8B0DF8}.Debug|x64.ActiveCfg = Debug|Any CPU
		{A378B8F9-8437-4701-BA71-4F831D8B0DF8}.Debug|x64.Build.0 = Debug|Any CPU
		{A378B8F9-8437-4701-BA71-4F831D8B0DF8}.Debug|x86.ActiveCfg = Debug|Any CPU
		{A378B8F9-8437-4701-BA71-4F831D8B0DF8}.Debug|x86.Build.0 = Debug|Any CPU
		{A378B8F9-8437-4701-BA71-4F831D8B0DF8}.Release|Any CPU.ActiveCfg = Release|Any CPU
		{A378B8F9-8437-4701-BA71-4F831D8B0DF8}.Release|Any CPU.Build.0 = Release|Any CPU
		{A378B8F9-8437-4701-BA71-4F831D8B0DF8}.Release|x64.ActiveCfg = Release|Any CPU
		{A378B8F9-8437-4701-BA71-4F831D8B0DF8}.Release|x64.Build.0 = Release|Any CPU
		{A378B8F9-8437-4701-BA71-4F831D8B0DF8}.Release|x86.ActiveCfg = Release|Any CPU
		{A378B8F9-8437-4701-BA71-4F831D8B0DF8}.Release|x86.Build.0 = Release|Any CPU
	EndGlobalSection
	GlobalSection(SolutionProperties) = preSolution
		HideSolutionNode = FALSE
	EndGlobalSection
	GlobalSection(ExtensibilityGlobals) = postSolution
		SolutionGuid = {3F26591B-9375-4A3E-AA9F-DB66262E727B}
	EndGlobalSection
EndGlobal
